{
  "name": "boa-vizinhanca-frontend",
  "version": "1.0.0",
  "lockfileVersion": 3,
  "requires": true,
  "packages": {
    "": {
      "name": "boa-vizinhanca-frontend",
      "version": "1.0.0",
      "dependencies": {
        "@fontsource/baloo-2": "^5.1.1",
        "@fontsource/nunito": "^5.1.1",
        "alpinejs": "^3.14.9",
        "bootstrap": "^5.3.3",
        "bootstrap-icons": "^1.11.3",
        "bootswatch": "^5.3.8",
        "prismjs": "^1.29.0"
      }
    },
    "node_modules/@fontsource/baloo-2": {
      "version": "5.3.0",
      "resolved": "https://registry.npmjs.org/@fontsource/baloo-2/-/baloo-2-5.3.0.tgz",
      "integrity": "sha512-CBuxZ27jvMmD5+KaaPkMWv/yjdRNppVAd5/002yAyvyQyLNL3aZCbkx6gbAT/bjxPd1A0VMdDQjfcELI8chccQ==",
      "license": "OFL-1.1",
      "funding": {
        "url": "https://github.com/sponsors/ayuhito"
      }
    },
    "node_modules/@fontsource/nunito": {
      "version": "5.3.0",
      "resolved": "https://registry.npmjs.org/@fontsource/nunito/-/nunito-5.3.0.tgz",
      "integrity": "sha512-vw9TaTQJ/zpEpKrsODuPmOvaVjXgdda6B+xXA4YqjrdeJ62MLgVoDerdRXFQHyBnSCt2yQ2nHKCHPP/Pv7Xq4Q==",
      "license": "OFL-1.1",
      "funding": {
        "url": "https://github.com/sponsors/ayuhito"
      }
    },
    "node_modules/@popperjs/core": {
      "version": "2.11.8",
      "resolved": "https://registry.npmjs.org/@popperjs/core/-/core-2.11.8.tgz",
      "integrity": "sha512-P1st0aksCrn9sGZhp8GMYwBnQsbvAWsZAX44oXNNvLHGqAOcoVxmjZiohstwQ7SqKnbR47akdNi+uleWD8+g6A==",
      "license": "MIT",
      "peer": true,
      "funding": {
        "type": "opencollective",
        "url": "https://opencollective.com/popperjs"
      }
    },
    "node_modules/@vue/reactivity": {
      "version": "3.5.42",
      "resolved": "https://registry.npmjs.org/@vue/reactivity/-/reactivity-3.5.42.tgz",
      "integrity": "sha512-TzNNfKpb7hDxbQltwAut8VDQA5YP+BuRlxntHUuRjyKwlMvmAPbs3unhCvieijifY6vFfVBwsS7wG/C7uq+bEQ==",
      "license": "MIT",
      "dependencies": {
        "@vue/shared": "3.5.42"
      }
    },
    "node_modules/@vue/shared": {
      "version": "3.5.42",
      "resolved": "https://registry.npmjs.org/@vue/shared/-/shared-3.5.42.tgz",
      "integrity": "sha512-2rPxex1jQf4jvl9MOHl6YaXCPcrNqz/FstMOEh3QWY+/OME9nQTvl9WYeCwhW7AFjaR0SnngZGlp/wkR6rkI6g==",
      "license": "MIT"
    },
    "node_modules/alpinejs": {
      "version": "3.17.2",
      "resolved": "https://registry.npmjs.org/alpinejs/-/alpinejs-3.17.2.tgz",
      "integrity": "sha512-xbnG3LlnmFkiNO49C+qhqjEDqOdB0snKqvT48ZVp8TakpZOpsoQbc/jAxpptQRjZi7c9rLeCfvwQ/XOSirIZFQ==",
      "license": "MIT",
      "dependencies": {
        "@vue/reactivity": "~3.5.40"
      }
    },
    "node_modules/bootstrap": {
      "version": "5.3.8",
      "resolved": "https://registry.npmjs.org/bootstrap/-/bootstrap-5.3.8.tgz",
      "integrity": "sha512-HP1SZDqaLDPwsNiqRqi5NcP0SSXciX2s9E+RyqJIIqGo+vJeN5AJVM98CXmW/Wux0nQ5L7jeWUdplCEf0Ee+tg==",
      "funding": [
        {
          "type": "github",
          "url": "https://github.com/sponsors/twbs"
        },
        {
          "type": "opencollective",
          "url": "https://opencollective.com/bootstrap"
        }
      ],
      "license": "MIT",
      "peerDependencies": {
        "@popperjs/core": "^2.11.8"
      }
    },
    "node_modules/bootstrap-icons": {
      "version": "1.13.1",
      "resolved": "https://registry.npmjs.org/bootstrap-icons/-/bootstrap-icons-1.13.1.tgz",
      "integrity": "sha512-ijombt4v6bv5CLeXvRWKy7CuM3TRTuPEuGaGKvTV5cz65rQSY8RQ2JcHt6b90cBBAC7s8fsf2EkQDldzCoXUjw==",
      "funding": [
        {
          "type": "github",
          "url": "https://github.com/sponsors/twbs"
        },
        {
          "type": "opencollective",
          "url": "https://opencollective.com/bootstrap"
        }
      ],
      "license": "MIT"
    },
    "node_modules/bootswatch": {
      "version": "5.3.8",
      "resolved": "https://registry.npmjs.org/bootswatch/-/bootswatch-5.3.8.tgz",
      "integrity": "sha512-88mnH9tv+x6DV+scBxYFOpM4YSDVhyfEgbhqaEfvkHNctKI9qRcACxIP9nmBZ5mSeLXtsgax1VsRkUs1eWjlAQ==",
      "license": "MIT"
    },
    "node_modules/prismjs": {
      "version": "1.30.0",
      "resolved": "https://registry.npmjs.org/prismjs/-/prismjs-1.30.0.tgz",
      "integrity": "sha512-DEvV2ZF2r2/63V+tK8hQvrR2ZGn10srHbXviTlcv7Kpzw8jWiNTqbVgjO3IY8RxrrOUF8VPMQQFysYYYv0YZxw==",
      "license": "MIT",
      "engines": {
        "node": ">=6"
      }
    }
  }
}
